// !$*UTF8*$!
{
	archiveVersion = 1;
	classes = {
	};
	objectVersion = 46;
	objects = {

/* Begin PBXBuildFile section */
		99AF3F381CEECFBB002EEE05 /* UIViewController+Swizzling.m in Sources */ = {isa = PBXBuildFile; fileRef = 99AF3F371CEECFBB002EEE05 /* UIViewController+Swizzling.m */; };
		99D9672E1CED5F40007D50AB /* main.m in Sources */ = {isa = PBXBuildFile; fileRef = 99D9672D1CED5F40007D50AB /* main.m */; };
		99D967311CED5F40007D50AB /* AppDelegate.m in Sources */ = {isa = PBXBuildFile; fileRef = 99D967301CED5F40007D50AB /* AppDelegate.m */; };
		99D967341CED5F40007D50AB /* ViewController.m in Sources */ = {isa = PBXBuildFile; fileRef = 99D967331CED5F40007D50AB /* ViewController.m */; };
		99D967371CED5F40007D50AB /* Main.storyboard in Resources */ = {isa = PBXBuildFile; fileRef = 99D967351CED5F40007D50AB /* Main.storyboard */; };
		99D967391CED5F40007D50AB /* Assets.xcassets in Resources */ = {isa = PBXBuildFile; fileRef = 99D967381CED5F40007D50AB /* Assets.xcassets */; };
		99D9673C1CED5F40007D50AB /* LaunchScreen.storyboard in Resources */ = {isa = PBXBuildFile; fileRef = 99D9673A1CED5F40007D50AB /* LaunchScreen.storyboard */; };
		99D967481CED608D007D50AB /* TMM_NewfeaturesController.m in Sources */ = {isa = PBXBuildFile; fileRef = 99D967471CED608D007D50AB /* TMM_NewfeaturesController.m */; };
/* End PBXBuildFile section */

/* Begin PBXFileReference section */
		99AF3F361CEECFBB002EEE05 /* UIViewController+Swizzling.h */ = {isa = PBXFileReference; fileEncoding = 4; lastKnownFileType = sourcecode.c.h; name = "UIViewController+Swizzling.h"; path = "../UIViewController+Swizzling.h"; sourceTree = "<group>"; };
		99AF3F371CEECFBB002EEE05 /* UIViewController+Swizzling.m */ = {isa = PBXFileReference; fileEncoding = 4; lastKnownFileType = sourcecode.c.objc; name = "UIViewController+Swizzling.m"; path = "../UIViewController+Swizzling.m"; sourceTree = "<group>"; };
		99D967291CED5F40007D50AB /* 引导页.app */ = {isa = PBXFileReference; explicitFileType = wrapper.application; includeInIndex = 0; path = "引导页.app"; sourceTree = BUILT_PRODUCTS_DIR; };
		99D9672D1CED5F40007D50AB /* main.m */ = {isa = PBXFileReference; lastKnownFileType = sourcecode.c.objc; path = main.m; sourceTree = "<group>"; };
		99D9672F1CED5F40007D50AB /* AppDelegate.h */ = {isa = PBXFileReference; lastKnownFileType = sourcecode.c.h; path = AppDelegate.h; sourceTree = "<group>"; };
		99D967301CED5F40007D50AB /* AppDelegate.m */ = {isa = PBXFileReference; lastKnownFileType = sourcecode.c.objc; path = AppDelegate.m; sourceTree = "<group>"; };
		99D967321CED5F40007D50AB /* ViewController.h */ = {isa = PBXFileReference; lastKnownFileType = sourcecode.c.h; path = ViewController.h; sourceTree = "<group>"; };
		99D967331CED5F40007D50AB /* ViewController.m */ = {isa = PBXFileReference; lastKnownFileType = sourcecode.c.objc; path = ViewController.m; sourceTree = "<group>"; };
		99D967361CED5F40007D50AB /* Base */ = {isa = PBXFileReference; lastKnownFileType = file.storyboard; name = Base; path = Base.lproj/Main.storyboard; sourceTree = "<group>"; };
		99D967381CED5F40007D50AB /* Assets.xcassets */ = {isa = PBXFileReference; lastKnownFileType = folder.assetcatalog; path = Assets.xcassets; sourceTree = "<group>"; };
		99D9673B1CED5F40007D50AB /* Base */ = {isa = PBXFileReference; lastKnownFileType = file.storyboard; name = Base; path = Base.lproj/LaunchScreen.storyboard; sourceTree = "<group>"; };
		99D9673D1CED5F40007D50AB /* Info.plist */ = {isa = PBXFileReference; lastKnownFileType = text.plist.xml; path = Info.plist; sourceTree = "<group>"; };
		99D967461CED608D007D50AB /* TMM_NewfeaturesController.h */ = {isa = PBXFileReference; fileEncoding = 4; lastKnownFileType = sourcecode.c.h; path = TMM_NewfeaturesController.h; sourceTree = "<group>"; };
		99D967471CED608D007D50AB /* TMM_NewfeaturesController.m */ = {isa = PBXFileReference; fileEncoding = 4; lastKnownFileType = sourcecode.c.objc; path = TMM_NewfeaturesController.m; sourceTree = "<group>"; };
/* End PBXFileReference section */

/* Begin PBXFrameworksBuildPhase section */
		99D967261CED5F40007D50AB /* Frameworks */ = {
			isa = PBXFrameworksBuildPhase;
			buildActionMask = 2147483647;
			files = (
			);
			runOnlyForDeploymentPostprocessing = 0;
		};
/* End PBXFrameworksBuildPhase section */

/* Begin PBXGroup section */
		99D967201CED5F40007D50AB = {
			isa = PBXGroup;
			children = (
				99D9672B1CED5F40007D50AB /* 引导页 */,
				99D9672A1CED5F40007D50AB /* Products */,
			);
			sourceTree = "<group>";
		};
		99D9672A1CED5F40007D50AB /* Products */ = {
			isa = PBXGroup;
			children = (
				99D967291CED5F40007D50AB /* 引导页.app */,
			);
			name = Products;
			sourceTree = "<group>";
		};
		99D9672B1CED5F40007D50AB /* 引导页 */ = {
			isa = PBXGroup;
			children = (
				99AF3F361CEECFBB002EEE05 /* UIViewController+Swizzling.h */,
				99AF3F371CEECFBB002EEE05 /* UIViewController+Swizzling.m */,
				99D967451CED608D007D50AB /* TMM_Newfeatures */,
				99D9672F1CED5F40007D50AB /* AppDelegate.h */,
				99D967301CED5F40007D50AB /* AppDelegate.m */,
				99D967321CED5F40007D50AB /* ViewController.h */,
				99D967331CED5F40007D50AB /* ViewController.m */,
				99D967351CED5F40007D50AB /* Main.storyboard */,
				99D967381CED5F40007D50AB /* Assets.xcassets */,
				99D9673A1CED5F40007D50AB /* LaunchScreen.storyboard */,
				99D9673D1CED5F40007D50AB /* Info.plist */,
				99D9672C1CED5F40007D50AB /* Supporting Files */,
			);
			path = "引导页";
			sourceTree = "<group>";
		};
		99D9672C1CED5F40007D50AB /* Supporting Files */ = {
			isa = PBXGroup;
			children = (
				99D9672D1CED5F40007D50AB /* main.m */,
			);
			name = "Supporting Files";
			sourceTree = "<group>";
		};
		99D967451CED608D007D50AB /* TMM_Newfeatures */ = {
			isa = PBXGroup;
			children = (
				99D967461CED608D007D50AB /* TMM_NewfeaturesController.h */,
				99D967471CED608D007D50AB /* TMM_NewfeaturesController.m */,
			);
			path = TMM_Newfeatures;
			sourceTree = "<group>";
		};
/* End PBXGroup section */

/* Begin PBXNativeTarget section */
		99D967281CED5F40007D50AB /* 引导页 */ = {
			isa = PBXNativeTarget;
			buildConfigurationList = 99D967401CED5F40007D50AB /* Build configuration list for PBXNativeTarget "引导页" */;
			buildPhases = (
				99D967251CED5F40007D50AB /* Sources */,
				99D967261CED5F40007D50AB /* Frameworks */,
				99D967271CED5F40007D50AB /* Resources */,
			);
			buildRules = (
			);
			dependencies = (
			);
			name = "引导页";
			productName = "引导页";
			productReference = 99D967291CED5F40007D50AB /* 引导页.app */;
			productType = "com.apple.product-type.application";
		};
/* End PBXNativeTarget section */

/* Begin PBXProject section */
		99D967211CED5F40007D50AB /* Project object */ = {
			isa = PBXProject;
			attributes = {
				LastUpgradeCheck = 0820;
				ORGANIZATIONNAME = "唐明明";
				TargetAttributes = {
					99D967281CED5F40007D50AB = {
						CreatedOnToolsVersion = 7.3.1;
					};
				};
			};
			buildConfigurationList = 99D967241CED5F40007D50AB /* Build configuration list for PBXProject "引导页" */;
			compatibilityVersion = "Xcode 3.2";
			developmentRegion = English;
			hasScannedForEncodings = 0;
			knownRegions = (
				en,
				Base,
			);
			mainGroup = 99D967201CED5F40007D50AB;
			productRefGroup = 99D9672A1CED5F40007D50AB /* Products */;
			projectDirPath = "";
			projectRoot = "";
			targets = (
				99D967281CED5F40007D50AB /* 引导页 */,
			);
		};
/* End PBXProject section */

/* Begin PBXResourcesBuildPhase section */
		99D967271CED5F40007D50AB /* Resources */ = {
			isa = PBXResourcesBuildPhase;
			buildActionMask = 2147483647;
			files = (
				99D9673C1CED5F40007D50AB /* LaunchScreen.storyboard in Resources */,
				99D967391CED5F40007D50AB /* Assets.xcassets in Resources */,
				99D967371CED5F40007D50AB /* Main.storyboard in Resources */,
			);
			runOnlyForDeploymentPostprocessing = 0;
		};
/* End PBXResourcesBuildPhase section */

/* Begin PBXSourcesBuildPhase section */
		99D967251CED5F40007D50AB /* Sources */ = {
			isa = PBXSourcesBuildPhase;
			buildActionMask = 2147483647;
			files = (
				99D967341CED5F40007D50AB /* ViewController.m in Sources */,
				99D967311CED5F40007D50AB /* AppDelegate.m in Sources */,
				99D9672E1CED5F40007D50AB /* main.m in Sources */,
				99AF3F381CEECFBB002EEE05 /* UIViewController+Swizzling.m in Sources */,
				99D967481CED608D007D50AB /* TMM_NewfeaturesController.m in Sources */,
			);
			runOnlyForDeploymentPostprocessing = 0;
		};
/* End PBXSourcesBuildPhase section */

/* Begin PBXVariantGroup section */
		99D967351CED5F40007D50AB /* Main.storyboard */ = {
			isa = PBXVariantGroup;
			children = (
				99D967361CED5F40007D50AB /* Base */,
			);
			name = Main.storyboard;
			sourceTree = "<group>";
		};
		99D9673A1CED5F40007D50AB /* LaunchScreen.storyboard */ = {
			isa = PBXVariantGroup;
			children = (
				99D9673B1CED5F40007D50AB /* Base */,
			);
			name = LaunchScreen.storyboard;
			sourceTree = "<group>";
		};
/* End PBXVariantGroup section */

/* Begin XCBuildConfiguration section */
		99D9673E1CED5F40007D50AB /* Debug */ = {
			isa = XCBuildConfiguration;
			buildSettings = {
				ALWAYS_SEARCH_USER_PATHS = NO;
				CLANG_ANALYZER_NONNULL = YES;
				CLANG_CXX_LANGUAGE_STANDARD = "gnu++0x";
				CLANG_CXX_LIBRARY = "libc++";
				CLANG_ENABLE_MODULES = YES;
				CLANG_ENABLE_OBJC_ARC = YES;
				CLANG_WARN_BOOL_CONVERSION = YES;
				CLANG_WARN_CONSTANT_CONVERSION = YES;
				CLANG_WARN_DIRECT_OBJC_ISA_USAGE = YES_ERROR;
				CLANG_WARN_EMPTY_BODY = YES;
				CLANG_WARN_ENUM_CONVERSION = YES;
				CLANG_WARN_INFINITE_RECURSION = YES;
				CLANG_WARN_INT_CONVERSION = YES;
				CLANG_WARN_OBJC_ROOT_CLASS = YES_ERROR;
				CLANG_WARN_SUSPICIOUS_MOVE = YES;
				CLANG_WARN_UNREACHABLE_CODE = YES;
				CLANG_WARN__DUPLICATE_METHOD_MATCH = YES;
				"CODE_SIGN_IDENTITY[sdk=iphoneos*]" = "iPhone Developer";
				COPY_PHASE_STRIP = NO;
				DEBUG_INFORMATION_FORMAT = dwarf;
				ENABLE_STRICT_OBJC_MSGSEND = YES;
				ENABLE_TESTABILITY = YES;
				GCC_C_LANGUAGE_STANDARD = gnu99;
				GCC_DYNAMIC_NO_PIC = NO;
				GCC_NO_COMMON_BLOCKS = YES;
				GCC_OPTIMIZATION_LEVEL = 0;
				GCC_PREPROCESSOR_DEFINITIONS = (
					"DEBUG=1",
					"$(inherited)",
				);
				GCC_WARN_64_TO_32_BIT_CONVERSION = YES;
				GCC_WARN_ABOUT_RETURN_TYPE = YES_ERROR;
				GCC_WARN_UNDECLARED_SELECTOR = YES;
				GCC_WARN_UNINITIALIZED_AUTOS = YES_AGGRESSIVE;
				GCC_WARN_UNUSED_FUNCTION = YES;
				GCC_WARN_UNUSED_VARIABLE = YES;
				IPHONEOS_DEPLOYMENT_TARGET = 9.3;
				MTL_ENABLE_DEBUG_INFO = YES;
				ONLY_ACTIVE_ARCH = YES;
				SDKROOT = iphoneos;
			};
			name = Debug;
		};
		99D9673F1CED5F40007D50AB /* Release */ = {
			isa = XCBuildConfiguration;
			buildSettings = {
				ALWAYS_SEARCH_USER_PATHS = NO;
				CLANG_ANALYZER_NONNULL = YES;
				CLANG_CXX_LANGUAGE_STANDARD = "gnu++0x";
				CLANG_CXX_LIBRARY = "libc++";
				CLANG_ENABLE_MODULES = YES;
				CLANG_ENABLE_OBJC_ARC = YES;
				CLANG_WARN_BOOL_CONVERSION = YES;
				CLANG_WARN_CONSTANT_CONVERSION = YES;
				CLANG_WARN_DIRECT_OBJC_ISA_USAGE = YES_ERROR;
				CLANG_WARN_EMPTY_BODY = YES;
				CLANG_WARN_ENUM_CONVERSION = YES;
				CLANG_WARN_INFINITE_RECURSION = YES;
				CLANG_WARN_INT_CONVERSION = YES;
				CLANG_WARN_OBJC_ROOT_CLASS = YES_ERROR;
				CLANG_WARN_SUSPICIOUS_MOVE = YES;
				CLANG_WARN_UNREACHABLE_CODE = YES;
				CLANG_WARN__DUPLICATE_METHOD_MATCH = YES;
				"CODE_SIGN_IDENTITY[sdk=iphoneos*]" = "iPhone Developer";
				COPY_PHASE_STRIP = NO;
				DEBUG_INFORMATION_FORMAT = "dwarf-with-dsym";
				ENABLE_NS_ASSERTIONS = NO;
				ENABLE_STRICT_OBJC_MSGSEND = YES;
				GCC_C_LANGUAGE_STANDARD = gnu99;
				GCC_NO_COMMON_BLOCKS = YES;
				GCC_WARN_64_TO_32_BIT_CONVERSION = YES;
				GCC_WARN_ABOUT_RETURN_TYPE = YES_ERROR;
				GCC_WARN_UNDECLARED_SELECTOR = YES;
				GCC_WARN_UNINITIALIZED_AUTOS = YES_AGGRESSIVE;
				GCC_WARN_UNUSED_FUNCTION = YES;
				GCC_WARN_UNUSED_VARIABLE = YES;
				IPHONEOS_DEPLOYMENT_TARGET = 9.3;
				MTL_ENABLE_DEBUG_INFO = NO;
				SDKROOT = iphoneos;
				VALIDATE_PRODUCT = YES;
			};
			name = Release;
		};
		99D967411CED5F40007D50AB /* Debug */ = {
			isa = XCBuildConfiguration;
			buildSettings = {
				ASSETCATALOG_COMPILER_APPICON_NAME = AppIcon;
				INFOPLIST_FILE = "引导页/Info.plist";
				LD_RUNPATH_SEARCH_PATHS = "$(inherited) @executable_path/Frameworks";
				PRODUCT_BUNDLE_IDENTIFIER = "com.360haoshidai.FRP.---";
				PRODUCT_NAME = "$(TARGET_NAME)";
			};
			name = Debug;
		};
		99D967421CED5F40007D50AB /* Release */ = {
			isa = XCBuildConfiguration;
			buildSettings = {
				ASSETCATALOG_COMPILER_APPICON_NAME = AppIcon;
				INFOPLIST_FILE = "引导页/Info.plist";
				LD_RUNPATH_SEARCH_PATHS = "$(inherited) @executable_path/Frameworks";
				PRODUCT_BUNDLE_IDENTIFIER = "com.360haoshidai.FRP.---";
				PRODUCT_NAME = "$(TARGET_NAME)";
			};
			name = Release;
		};
/* End XCBuildConfiguration section */

/* Begin XCConfigurationList section */
		99D967241CED5F40007D50AB /* Build configuration list for PBXProject "引导页" */ = {
			isa = XCConfigurationList;
			buildConfigurations = (
				99D9673E1CED5F40007D50AB /* Debug */,
				99D9673F1CED5F40007D50AB /* Release */,
			);
			defaultConfigurationIsVisible = 0;
			defaultConfigurationName = Release;
		};
		99D967401CED5F40007D50AB /* Build configuration list for PBXNativeTarget "引导页" */ = {
			isa = XCConfigurationList;
			buildConfigurations = (
				99D967411CED5F40007D50AB /* Debug */,
				99D967421CED5F40007D50AB /* Release */,
			);
			defaultConfigurationIsVisible = 0;
			defaultConfigurationName = Release;
		};
/* End XCConfigurationList section */
	};
	rootObject = 99D967211CED5F40007D50AB /* Project object */;
}
